
Microsoft Visual Studio Solution File, Format Version 12.00
# Visual Studio Version 16
VisualStudioVersion = 16.0.30114.105
MinimumVisualStudioVersion = 10.0.40219.1
Project("{2150E333-8FDC-42A3-9474-1A3956D46DE8}") = "SolutionItems", "SolutionItems", "{75BC2B16-AD80-4AEB-B110-82EC1AA26428}"
ProjectSection(SolutionItems) = preProject
	README.md = README.md
	.gitignore = .gitignore
	.editorconfig = .editorconfig
	.gitattributes = .gitattributes
EndProjectSection
EndProject
Project("{FAE04EC0-301F-11D3-BF4B-00C04F79EFBC}") = "Eventus", "src\Eventus\Eventus.csproj", "{E483ADEA-C05F-4551-906E-0F063E970AE0}"
EndProject
Project("{2150E333-8FDC-42A3-9474-1A3956D46DE8}") = "src", "src", "{99937924-0E6B-4782-8B91-52D7161924D7}"
EndProject
Project("{2150E333-8FDC-42A3-9474-1A3956D46DE8}") = "samples", "samples", "{619B2967-6E90-4E7D-B70A-E90BE925B461}"
EndProject
Project("{FAE04EC0-301F-11D3-BF4B-00C04F79EFBC}") = "Console.InMemory", "samples\Console.InMemory\Console.InMemory.csproj", "{A1FF1530-DF88-4101-91DD-BD0E385A4AF3}"
EndProject
Project("{2150E333-8FDC-42A3-9474-1A3956D46DE8}") = "tests", "tests", "{EA84BC89-2636-43D3-8F8C-5BE64B8D113B}"
EndProject
Project("{FAE04EC0-301F-11D3-BF4B-00C04F79EFBC}") = "Core", "samples\Core\Core.csproj", "{84F0C870-A15E-4E60-9483-D9D71E64AA71}"
EndProject
Project("{FAE04EC0-301F-11D3-BF4B-00C04F79EFBC}") = "UnitTests", "tests\UnitTests\UnitTests.csproj", "{6AD7BC09-CA41-4857-B569-CEA8BFEC9C0D}"
EndProject
Project("{FAE04EC0-301F-11D3-BF4B-00C04F79EFBC}") = "DependencyInjection", "src\DependencyInjection\DependencyInjection.csproj", "{283B86CB-2F7D-459E-9D6A-A406D2C47AD7}"
EndProject
Project("{FAE04EC0-301F-11D3-BF4B-00C04F79EFBC}") = "SqlServer", "src\SqlServer\SqlServer.csproj", "{34421A68-CA39-444E-BAF3-0A001F86E217}"
EndProject
Project("{FAE04EC0-301F-11D3-BF4B-00C04F79EFBC}") = "Console.SqlServer", "samples\Console.SqlServer\Console.SqlServer.csproj", "{FDB4023F-0389-4347-87DA-8320C1A0894A}"
EndProject
Project("{FAE04EC0-301F-11D3-BF4B-00C04F79EFBC}") = "EventStore", "src\EventStore\EventStore.csproj", "{FA4E2139-6710-4317-895B-E770835B61F6}"
EndProject
Project("{FAE04EC0-301F-11D3-BF4B-00C04F79EFBC}") = "Console.EventStore", "samples\Console.EventStore\Console.EventStore.csproj", "{823ADAA0-DFA9-45C5-A50B-76AF2BBD53CC}"
EndProject
Project("{FAE04EC0-301F-11D3-BF4B-00C04F79EFBC}") = "CosmosDB", "src\CosmosDB\CosmosDB.csproj", "{F64340BB-8402-4B71-B93C-416B68870119}"
EndProject
Project("{FAE04EC0-301F-11D3-BF4B-00C04F79EFBC}") = "Console.CosmosDB", "samples\Console.CosmosDB\Console.CosmosDB.csproj", "{36D607D0-B219-468C-8044-FF194802C42B}"
EndProject
Global
	GlobalSection(SolutionConfigurationPlatforms) = preSolution
		Debug|Any CPU = Debug|Any CPU
		Debug|x64 = Debug|x64
		Debug|x86 = Debug|x86
		Release|Any CPU = Release|Any CPU
		Release|x64 = Release|x64
		Release|x86 = Release|x86
	EndGlobalSection
	GlobalSection(SolutionProperties) = preSolution
		HideSolutionNode = FALSE
	EndGlobalSection
	GlobalSection(ProjectConfigurationPlatforms) = postSolution
		{E483ADEA-C05F-4551-906E-0F063E970AE0}.Debug|Any CPU.ActiveCfg = Debug|Any CPU
		{E483ADEA-C05F-4551-906E-0F063E970AE0}.Debug|Any CPU.Build.0 = Debug|Any CPU
		{E483ADEA-C05F-4551-906E-0F063E970AE0}.Debug|x64.ActiveCfg = Debug|Any CPU
		{E483ADEA-C05F-4551-906E-0F063E970AE0}.Debug|x64.Build.0 = Debug|Any CPU
		{E483ADEA-C05F-4551-906E-0F063E970AE0}.Debug|x86.ActiveCfg = Debug|Any CPU
		{E483ADEA-C05F-4551-906E-0F063E970AE0}.Debug|x86.Build.0 = Debug|Any CPU
		{E483ADEA-C05F-4551-906E-0F063E970AE0}.Release|Any CPU.ActiveCfg = Release|Any CPU
		{E483ADEA-C05F-4551-906E-0F063E970AE0}.Release|Any CPU.Build.0 = Release|Any CPU
		{E483ADEA-C05F-4551-906E-0F063E970AE0}.Release|x64.ActiveCfg = Release|Any CPU
		{E483ADEA-C05F-4551-906E-0F063E970AE0}.Release|x64.Build.0 = Release|Any CPU
		{E483ADEA-C05F-4551-906E-0F063E970AE0}.Release|x86.ActiveCfg = Release|Any CPU
		{E483ADEA-C05F-4551-906E-0F063E970AE0}.Release|x86.Build.0 = Release|Any CPU
		{A1FF1530-DF88-4101-91DD-BD0E385A4AF3}.Debug|Any CPU.ActiveCfg = Debug|Any CPU
		{A1FF1530-DF88-4101-91DD-BD0E385A4AF3}.Debug|Any CPU.Build.0 = Debug|Any CPU
		{A1FF1530-DF88-4101-91DD-BD0E385A4AF3}.Debug|x64.ActiveCfg = Debug|Any CPU
		{A1FF1530-DF88-4101-91DD-BD0E385A4AF3}.Debug|x64.Build.0 = Debug|Any CPU
		{A1FF1530-DF88-4101-91DD-BD0E385A4AF3}.Debug|x86.ActiveCfg = Debug|Any CPU
		{A1FF1530-DF88-4101-91DD-BD0E385A4AF3}.Debug|x86.Build.0 = Debug|Any CPU
		{A1FF1530-DF88-4101-91DD-BD0E385A4AF3}.Release|Any CPU.ActiveCfg = Release|Any CPU
		{A1FF1530-DF88-4101-91DD-BD0E385A4AF3}.Release|Any CPU.Build.0 = Release|Any CPU
		{A1FF1530-DF88-4101-91DD-BD0E385A4AF3}.Release|x64.ActiveCfg = Release|Any CPU
		{A1FF1530-DF88-4101-91DD-BD0E385A4AF3}.Release|x64.Build.0 = Release|Any CPU
		{A1FF1530-DF88-4101-91DD-BD0E385A4AF3}.Release|x86.ActiveCfg = Release|Any CPU
		{A1FF1530-DF88-4101-91DD-BD0E385A4AF3}.Release|x86.Build.0 = Release|Any CPU
		{84F0C870-A15E-4E60-9483-D9D71E64AA71}.Debug|Any CPU.ActiveCfg = Debug|Any CPU
		{84F0C870-A15E-4E60-9483-D9D71E64AA71}.Debug|Any CPU.Build.0 = Debug|Any CPU
		{84F0C870-A15E-4E60-9483-D9D71E64AA71}.Debug|x64.ActiveCfg = Debug|Any CPU
		{84F0C870-A15E-4E60-9483-D9D71E64AA71}.Debug|x64.Build.0 = Debug|Any CPU
		{84F0C870-A15E-4E60-9483-D9D71E64AA71}.Debug|x86.ActiveCfg = Debug|Any CPU
		{84F0C870-A15E-4E60-9483-D9D71E64AA71}.Debug|x86.Build.0 = Debug|Any CPU
		{84F0C870-A15E-4E60-9483-D9D71E64AA71}.Release|Any CPU.ActiveCfg = Release|Any CPU
		{84F0C870-A15E-4E60-9483-D9D71E64AA71}.Release|Any CPU.Build.0 = Release|Any CPU
		{84F0C870-A15E-4E60-9483-D9D71E64AA71}.Release|x64.ActiveCfg = Release|Any CPU
		{84F0C870-A15E-4E60-9483-D9D71E64AA71}.Release|x64.Build.0 = Release|Any CPU
		{84F0C870-A15E-4E60-9483-D9D71E64AA71}.Release|x86.ActiveCfg = Release|Any CPU
		{84F0C870-A15E-4E60-9483-D9D71E64AA71}.Release|x86.Build.0 = Release|Any CPU
		{6AD7BC09-CA41-4857-B569-CEA8BFEC9C0D}.Debug|Any CPU.ActiveCfg = Debug|Any CPU
		{6AD7BC09-CA41-4857-B569-CEA8BFEC9C0D}.Debug|Any CPU.Build.0 = Debug|Any CPU
		{6AD7BC09-CA41-4857-B569-CEA8BFEC9C0D}.Debug|x64.ActiveCfg = Debug|Any CPU
		{6AD7BC09-CA41-4857-B569-CEA8BFEC9C0D}.Debug|x64.Build.0 = Debug|Any CPU
		{6AD7BC09-CA41-4857-B569-CEA8BFEC9C0D}.Debug|x86.ActiveCfg = Debug|Any CPU
		{6AD7BC09-CA41-4857-B569-CEA8BFEC9C0D}.Debug|x86.Build.0 = Debug|Any CPU
		{6AD7BC09-CA41-4857-B569-CEA8BFEC9C0D}.Release|Any CPU.ActiveCfg = Release|Any CPU
		{6AD7BC09-CA41-4857-B569-CEA8BFEC9C0D}.Release|Any CPU.Build.0 = Release|Any CPU
		{6AD7BC09-CA41-4857-B569-CEA8BFEC9C0D}.Release|x64.ActiveCfg = Release|Any CPU
		{6AD7BC09-CA41-4857-B569-CEA8BFEC9C0D}.Release|x64.Build.0 = Release|Any CPU
		{6AD7BC09-CA41-4857-B569-CEA8BFEC9C0D}.Release|x86.ActiveCfg = Release|Any CPU
		{6AD7BC09-CA41-4857-B569-CEA8BFEC9C0D}.Release|x86.Build.0 = Release|Any CPU
		{283B86CB-2F7D-459E-9D6A-A406D2C47AD7}.Debug|Any CPU.ActiveCfg = Debug|Any CPU
		{283B86CB-2F7D-459E-9D6A-A406D2C47AD7}.Debug|Any CPU.Build.0 = Debug|Any CPU
		{283B86CB-2F7D-459E-9D6A-A406D2C47AD7}.Debug|x64.ActiveCfg = Debug|Any CPU
		{283B86CB-2F7D-459E-9D6A-A406D2C47AD7}.Debug|x64.Build.0 = Debug|Any CPU
		{283B86CB-2F7D-459E-9D6A-A406D2C47AD7}.Debug|x86.ActiveCfg = Debug|Any CPU
		{283B86CB-2F7D-459E-9D6A-A406D2C47AD7}.Debug|x86.Build.0 = Debug|Any CPU
		{283B86CB-2F7D-459E-9D6A-A406D2C47AD7}.Release|Any CPU.ActiveCfg = Release|Any CPU
		{283B86CB-2F7D-459E-9D6A-A406D2C47AD7}.Release|Any CPU.Build.0 = Release|Any CPU
		{283B86CB-2F7D-459E-9D6A-A406D2C47AD7}.Release|x64.ActiveCfg = Release|Any CPU
		{283B86CB-2F7D-459E-9D6A-A406D2C47AD7}.Release|x64.Build.0 = Release|Any CPU
		{283B86CB-2F7D-459E-9D6A-A406D2C47AD7}.Release|x86.ActiveCfg = Release|Any CPU
		{283B86CB-2F7D-459E-9D6A-A406D2C47AD7}.Release|x86.Build.0 = Release|Any CPU
		{34421A68-CA39-444E-BAF3-0A001F86E217}.Debug|Any CPU.ActiveCfg = Debug|Any CPU
		{34421A68-CA39-444E-BAF3-0A001F86E217}.Debug|Any CPU.Build.0 = Debug|Any CPU
		{34421A68-CA39-444E-BAF3-0A001F86E217}.Debug|x64.ActiveCfg = Debug|Any CPU
		{34421A68-CA39-444E-BAF3-0A001F86E217}.Debug|x64.Build.0 = Debug|Any CPU
		{34421A68-CA39-444E-BAF3-0A001F86E217}.Debug|x86.ActiveCfg = Debug|Any CPU
		{34421A68-CA39-444E-BAF3-0A001F86E217}.Debug|x86.Build.0 = Debug|Any CPU
		{34421A68-CA39-444E-BAF3-0A001F86E217}.Release|Any CPU.ActiveCfg = Release|Any CPU
		{34421A68-CA39-444E-BAF3-0A001F86E217}.Release|Any CPU.Build.0 = Release|Any CPU
		{34421A68-CA39-444E-BAF3-0A001F86E217}.Release|x64.ActiveCfg = Release|Any CPU
		{34421A68-CA39-444E-BAF3-0A001F86E217}.Release|x64.Build.0 = Release|Any CPU
		{34421A68-CA39-444E-BAF3-0A001F86E217}.Release|x86.ActiveCfg = Release|Any CPU
		{34421A68-CA39-444E-BAF3-0A001F86E217}.Release|x86.Build.0 = Release|Any CPU
		{FDB4023F-0389-4347-87DA-8320C1A0894A}.Debug|Any CPU.ActiveCfg = Debug|Any CPU
		{FDB4023F-0389-4347-87DA-8320C1A0894A}.Debug|Any CPU.Build.0 = Debug|Any CPU
		{FDB4023F-0389-4347-87DA-8320C1A0894A}.Debug|x64.ActiveCfg = Debug|Any CPU
		{FDB4023F-0389-4347-87DA-8320C1A0894A}.Debug|x64.Build.0 = Debug|Any CPU
		{FDB4023F-0389-4347-87DA-8320C1A0894A}.Debug|x86.ActiveCfg = Debug|Any CPU
		{FDB4023F-0389-4347-87DA-8320C1A0894A}.Debug|x86.Build.0 = Debug|Any CPU
		{FDB4023F-0389-4347-87DA-8320C1A0894A}.Release|Any CPU.ActiveCfg = Release|Any CPU
		{FDB4023F-0389-4347-87DA-8320C1A0894A}.Release|Any CPU.Build.0 = Release|Any CPU
		{FDB4023F-0389-4347-87DA-8320C1A0894A}.Release|x64.ActiveCfg = Release|Any CPU
		{FDB4023F-0389-4347-87DA-8320C1A0894A}.Release|x64.Build.0 = Release|Any CPU
		{FDB4023F-0389-4347-87DA-8320C1A0894A}.Release|x86.ActiveCfg = Release|Any CPU
		{FDB4023F-0389-4347-87DA-8320C1A0894A}.Release|x86.Build.0 = Release|Any CPU
		{FA4E2139-6710-4317-895B-E770835B61F6}.Debug|Any CPU.ActiveCfg = Debug|Any CPU
		{FA4E2139-6710-4317-895B-E770835B61F6}.Debug|Any CPU.Build.0 = Debug|Any CPU
		{FA4E2139-6710-4317-895B-E770835B61F6}.Debug|x64.ActiveCfg = Debug|Any CPU
		{FA4E2139-6710-4317-895B-E770835B61F6}.Debug|x64.Build.0 = Debug|Any CPU
		{FA4E2139-6710-4317-895B-E770835B61F6}.Debug|x86.ActiveCfg = Debug|Any CPU
		{FA4E2139-6710-4317-895B-E770835B61F6}.Debug|x86.Build.0 = Debug|Any CPU
		{FA4E2139-6710-4317-895B-E770835B61F6}.Release|Any CPU.ActiveCfg = Release|Any CPU
		{FA4E2139-6710-4317-895B-E770835B61F6}.Release|Any CPU.Build.0 = Release|Any CPU
		{FA4E2139-6710-4317-895B-E770835B61F6}.Release|x64.ActiveCfg = Release|Any CPU
		{FA4E2139-6710-4317-895B-E770835B61F6}.Release|x64.Build.0 = Release|Any CPU
		{FA4E2139-6710-4317-895B-E770835B61F6}.Release|x86.ActiveCfg = Release|Any CPU
		{FA4E2139-6710-4317-895B-E770835B61F6}.Release|x86.Build.0 = Release|Any CPU
		{823ADAA0-DFA9-45C5-A50B-76AF2BBD53CC}.Debug|Any CPU.ActiveCfg = Debug|Any CPU
		{823ADAA0-DFA9-45C5-A50B-76AF2BBD53CC}.Debug|Any CPU.Build.0 = Debug|Any CPU
		{823ADAA0-DFA9-45C5-A50B-76AF2BBD53CC}.Debug|x64.ActiveCfg = Debug|Any CPU
		{823ADAA0-DFA9-45C5-A50B-76AF2BBD53CC}.Debug|x64.Build.0 = Debug|Any CPU
		{823ADAA0-DFA9-45C5-A50B-76AF2BBD53CC}.Debug|x86.ActiveCfg = Debug|Any CPU
		{823ADAA0-DFA9-45C5-A50B-76AF2BBD53CC}.Debug|x86.Build.0 = Debug|Any CPU
		{823ADAA0-DFA9-45C5-A50B-76AF2BBD53CC}.Release|Any CPU.ActiveCfg = Release|Any CPU
		{823ADAA0-DFA9-45C5-A50B-76AF2BBD53CC}.Release|Any CPU.Build.0 = Release|Any CPU
		{823ADAA0-DFA9-45C5-A50B-76AF2BBD53CC}.Release|x64.ActiveCfg = Release|Any CPU
		{823ADAA0-DFA9-45C5-A50B-76AF2BBD53CC}.Release|x64.Build.0 = Release|Any CPU
		{823ADAA0-DFA9-45C5-A50B-76AF2BBD53CC}.Release|x86.ActiveCfg = Release|Any CPU
		{823ADAA0-DFA9-45C5-A50B-76AF2BBD53CC}.Release|x86.Build.0 = Release|Any CPU
		{F64340BB-8402-4B71-B93C-416B68870119}.Debug|Any CPU.ActiveCfg = Debug|Any CPU
		{F64340BB-8402-4B71-B93C-416B68870119}.Debug|Any CPU.Build.0 = Debug|Any CPU
		{F64340BB-8402-4B71-B93C-416B68870119}.Debug|x64.ActiveCfg = Debug|Any CPU
		{F64340BB-8402-4B71-B93C-416B68870119}.Debug|x64.Build.0 = Debug|Any CPU
		{F64340BB-8402-4B71-B93C-416B68870119}.Debug|x86.ActiveCfg = Debug|Any CPU
		{F64340BB-8402-4B71-B93C-416B68870119}.Debug|x86.Build.0 = Debug|Any CPU
		{F64340BB-8402-4B71-B93C-416B68870119}.Release|Any CPU.ActiveCfg = Release|Any CPU
		{F64340BB-8402-4B71-B93C-416B68870119}.Release|Any CPU.Build.0 = Release|Any CPU
		{F64340BB-8402-4B71-B93C-416B68870119}.Release|x64.ActiveCfg = Release|Any CPU
		{F64340BB-8402-4B71-B93C-416B68870119}.Release|x64.Build.0 = Release|Any CPU
		{F64340BB-8402-4B71-B93C-416B68870119}.Release|x86.ActiveCfg = Release|Any CPU
		{F64340BB-8402-4B71-B93C-416B68870119}.Release|x86.Build.0 = Release|Any CPU
		{36D607D0-B219-468C-8044-FF194802C42B}.Debug|Any CPU.ActiveCfg = Debug|Any CPU
		{36D607D0-B219-468C-8044-FF194802C42B}.Debug|Any CPU.Build.0 = Debug|Any CPU
		{36D607D0-B219-468C-8044-FF194802C42B}.Debug|x64.ActiveCfg = Debug|Any CPU
		{36D607D0-B219-468C-8044-FF194802C42B}.Debug|x64.Build.0 = Debug|Any CPU
		{36D607D0-B219-468C-8044-FF194802C42B}.Debug|x86.ActiveCfg = Debug|Any CPU
		{36D607D0-B219-468C-8044-FF194802C42B}.Debug|x86.Build.0 = Debug|Any CPU
		{36D607D0-B219-468C-8044-FF194802C42B}.Release|Any CPU.ActiveCfg = Release|Any CPU
		{36D607D0-B219-468C-8044-FF194802C42B}.Release|Any CPU.Build.0 = Release|Any CPU
		{36D607D0-B219-468C-8044-FF194802C42B}.Release|x64.ActiveCfg = Release|Any CPU
		{36D607D0-B219-468C-8044-FF194802C42B}.Release|x64.Build.0 = Release|Any CPU
		{36D607D0-B219-468C-8044-FF194802C42B}.Release|x86.ActiveCfg = Release|Any CPU
		{36D607D0-B219-468C-8044-FF194802C42B}.Release|x86.Build.0 = Release|Any CPU
	EndGlobalSection
	GlobalSection(NestedProjects) = preSolution
		{E483ADEA-C05F-4551-906E-0F063E970AE0} = {99937924-0E6B-4782-8B91-52D7161924D7}
		{A1FF1530-DF88-4101-91DD-BD0E385A4AF3} = {619B2967-6E90-4E7D-B70A-E90BE925B461}
		{84F0C870-A15E-4E60-9483-D9D71E64AA71} = {619B2967-6E90-4E7D-B70A-E90BE925B461}
		{6AD7BC09-CA41-4857-B569-CEA8BFEC9C0D} = {EA84BC89-2636-43D3-8F8C-5BE64B8D113B}
		{283B86CB-2F7D-459E-9D6A-A406D2C47AD7} = {99937924-0E6B-4782-8B91-52D7161924D7}
		{34421A68-CA39-444E-BAF3-0A001F86E217} = {99937924-0E6B-4782-8B91-52D7161924D7}
		{FDB4023F-0389-4347-87DA-8320C1A0894A} = {619B2967-6E90-4E7D-B70A-E90BE925B461}
		{FA4E2139-6710-4317-895B-E770835B61F6} = {99937924-0E6B-4782-8B91-52D7161924D7}
		{823ADAA0-DFA9-45C5-A50B-76AF2BBD53CC} = {619B2967-6E90-4E7D-B70A-E90BE925B461}
		{F64340BB-8402-4B71-B93C-416B68870119} = {99937924-0E6B-4782-8B91-52D7161924D7}
		{36D607D0-B219-468C-8044-FF194802C42B} = {619B2967-6E90-4E7D-B70A-E90BE925B461}
	EndGlobalSection
EndGlobal
