
Microsoft Visual Studio Solution File, Format Version 12.00
# Visual Studio 15
VisualStudioVersion = 15.0.26430.6
MinimumVisualStudioVersion = 10.0.40219.1
Project("{FAE04EC0-301F-11D3-BF4B-00C04F79EFBC}") = "Eventus.Samples.Core", "Eventus.Samples.Core\Eventus.Samples.Core.csproj", "{B0D6E886-4FB4-4297-BD50-C712AF24CE7B}"
EndProject
Project("{FAE04EC0-301F-11D3-BF4B-00C04F79EFBC}") = "Eventus", "Eventus\Eventus.csproj", "{15110214-3710-40E3-B3AA-8450C6466568}"
EndProject
Project("{FAE04EC0-301F-11D3-BF4B-00C04F79EFBC}") = "Eventus.EventStore", "Eventus.EventSource\Eventus.EventStore.csproj", "{E5FD1A4C-9E79-484A-A44C-B8B5C70145BC}"
EndProject
Project("{FAE04EC0-301F-11D3-BF4B-00C04F79EFBC}") = "Eventus.DocumentDb", "Eventus.DocumentDb\Eventus.DocumentDb.csproj", "{9356C94A-60D6-4854-8E07-02A41B23B731}"
EndProject
Project("{2150E333-8FDC-42A3-9474-1A3956D46DE8}") = "Tests", "Tests", "{75C36474-611B-44B3-A48E-392C364EC27B}"
EndProject
Project("{FAE04EC0-301F-11D3-BF4B-00C04F79EFBC}") = "Eventus.Tests.Integration", "Eventus.Tests.Integration\Eventus.Tests.Integration.csproj", "{85AC6BB7-D1AD-4DB6-8B6A-76822073D226}"
EndProject
Project("{FAE04EC0-301F-11D3-BF4B-00C04F79EFBC}") = "Eventus.Samples.Console", "Eventus.Samples.Console\Eventus.Samples.Console.csproj", "{71F6058B-41FF-4F08-A461-32F73F03BAAC}"
EndProject
Project("{FAE04EC0-301F-11D3-BF4B-00C04F79EFBC}") = "Eventus.Samples.Infrastructure", "Eventus.Samples.Infrastructure\Eventus.Samples.Infrastructure.csproj", "{02C0C5DD-AD27-4068-8030-A1E5BD50731E}"
EndProject
Project("{2150E333-8FDC-42A3-9474-1A3956D46DE8}") = "Samples", "Samples", "{C8D1A53A-2E83-4CB8-9621-205D2A376E4F}"
EndProject
Project("{FAE04EC0-301F-11D3-BF4B-00C04F79EFBC}") = "Eventus.Tests.Unit", "Eventus.Tests.Unit\Eventus.Tests.Unit.csproj", "{3B969917-CC06-47BD-A3F7-6E5D3B9FC9F7}"
EndProject
Project("{2150E333-8FDC-42A3-9474-1A3956D46DE8}") = "_SolutionItems", "_SolutionItems", "{A6A730BA-118A-43B6-8DF5-709211731D83}"
	ProjectSection(SolutionItems) = preProject
		..\appveyor.yml = ..\appveyor.yml
		Eventus\Eventus.nuspec = Eventus\Eventus.nuspec
	EndProjectSection
EndProject
Project("{FAE04EC0-301F-11D3-BF4B-00C04F79EFBC}") = "Eventus.SqlServer", "Eventus.SqlServer\Eventus.SqlServer.csproj", "{4F55B4CF-8726-4FC3-BFAB-F5807A466847}"
EndProject
Global
	GlobalSection(SolutionConfigurationPlatforms) = preSolution
		Debug|Any CPU = Debug|Any CPU
		Release|Any CPU = Release|Any CPU
	EndGlobalSection
	GlobalSection(ProjectConfigurationPlatforms) = postSolution
		{B0D6E886-4FB4-4297-BD50-C712AF24CE7B}.Debug|Any CPU.ActiveCfg = Debug|Any CPU
		{B0D6E886-4FB4-4297-BD50-C712AF24CE7B}.Debug|Any CPU.Build.0 = Debug|Any CPU
		{B0D6E886-4FB4-4297-BD50-C712AF24CE7B}.Release|Any CPU.ActiveCfg = Release|Any CPU
		{B0D6E886-4FB4-4297-BD50-C712AF24CE7B}.Release|Any CPU.Build.0 = Release|Any CPU
		{15110214-3710-40E3-B3AA-8450C6466568}.Debug|Any CPU.ActiveCfg = Debug|Any CPU
		{15110214-3710-40E3-B3AA-8450C6466568}.Debug|Any CPU.Build.0 = Debug|Any CPU
		{15110214-3710-40E3-B3AA-8450C6466568}.Release|Any CPU.ActiveCfg = Release|Any CPU
		{15110214-3710-40E3-B3AA-8450C6466568}.Release|Any CPU.Build.0 = Release|Any CPU
		{E5FD1A4C-9E79-484A-A44C-B8B5C70145BC}.Debug|Any CPU.ActiveCfg = Debug|Any CPU
		{E5FD1A4C-9E79-484A-A44C-B8B5C70145BC}.Debug|Any CPU.Build.0 = Debug|Any CPU
		{E5FD1A4C-9E79-484A-A44C-B8B5C70145BC}.Release|Any CPU.ActiveCfg = Release|Any CPU
		{E5FD1A4C-9E79-484A-A44C-B8B5C70145BC}.Release|Any CPU.Build.0 = Release|Any CPU
		{9356C94A-60D6-4854-8E07-02A41B23B731}.Debug|Any CPU.ActiveCfg = Debug|Any CPU
		{9356C94A-60D6-4854-8E07-02A41B23B731}.Debug|Any CPU.Build.0 = Debug|Any CPU
		{9356C94A-60D6-4854-8E07-02A41B23B731}.Release|Any CPU.ActiveCfg = Release|Any CPU
		{9356C94A-60D6-4854-8E07-02A41B23B731}.Release|Any CPU.Build.0 = Release|Any CPU
		{85AC6BB7-D1AD-4DB6-8B6A-76822073D226}.Debug|Any CPU.ActiveCfg = Debug|Any CPU
		{85AC6BB7-D1AD-4DB6-8B6A-76822073D226}.Debug|Any CPU.Build.0 = Debug|Any CPU
		{85AC6BB7-D1AD-4DB6-8B6A-76822073D226}.Release|Any CPU.ActiveCfg = Release|Any CPU
		{85AC6BB7-D1AD-4DB6-8B6A-76822073D226}.Release|Any CPU.Build.0 = Release|Any CPU
		{71F6058B-41FF-4F08-A461-32F73F03BAAC}.Debug|Any CPU.ActiveCfg = Debug|Any CPU
		{71F6058B-41FF-4F08-A461-32F73F03BAAC}.Debug|Any CPU.Build.0 = Debug|Any CPU
		{71F6058B-41FF-4F08-A461-32F73F03BAAC}.Release|Any CPU.ActiveCfg = Release|Any CPU
		{71F6058B-41FF-4F08-A461-32F73F03BAAC}.Release|Any CPU.Build.0 = Release|Any CPU
		{02C0C5DD-AD27-4068-8030-A1E5BD50731E}.Debug|Any CPU.ActiveCfg = Debug|Any CPU
		{02C0C5DD-AD27-4068-8030-A1E5BD50731E}.Debug|Any CPU.Build.0 = Debug|Any CPU
		{02C0C5DD-AD27-4068-8030-A1E5BD50731E}.Release|Any CPU.ActiveCfg = Release|Any CPU
		{02C0C5DD-AD27-4068-8030-A1E5BD50731E}.Release|Any CPU.Build.0 = Release|Any CPU
		{3B969917-CC06-47BD-A3F7-6E5D3B9FC9F7}.Debug|Any CPU.ActiveCfg = Debug|Any CPU
		{3B969917-CC06-47BD-A3F7-6E5D3B9FC9F7}.Debug|Any CPU.Build.0 = Debug|Any CPU
		{3B969917-CC06-47BD-A3F7-6E5D3B9FC9F7}.Release|Any CPU.ActiveCfg = Release|Any CPU
		{3B969917-CC06-47BD-A3F7-6E5D3B9FC9F7}.Release|Any CPU.Build.0 = Release|Any CPU
		{4F55B4CF-8726-4FC3-BFAB-F5807A466847}.Debug|Any CPU.ActiveCfg = Debug|Any CPU
		{4F55B4CF-8726-4FC3-BFAB-F5807A466847}.Debug|Any CPU.Build.0 = Debug|Any CPU
		{4F55B4CF-8726-4FC3-BFAB-F5807A466847}.Release|Any CPU.ActiveCfg = Release|Any CPU
		{4F55B4CF-8726-4FC3-BFAB-F5807A466847}.Release|Any CPU.Build.0 = Release|Any CPU
	EndGlobalSection
	GlobalSection(SolutionProperties) = preSolution
		HideSolutionNode = FALSE
	EndGlobalSection
	GlobalSection(NestedProjects) = preSolution
		{B0D6E886-4FB4-4297-BD50-C712AF24CE7B} = {C8D1A53A-2E83-4CB8-9621-205D2A376E4F}
		{85AC6BB7-D1AD-4DB6-8B6A-76822073D226} = {75C36474-611B-44B3-A48E-392C364EC27B}
		{71F6058B-41FF-4F08-A461-32F73F03BAAC} = {C8D1A53A-2E83-4CB8-9621-205D2A376E4F}
		{02C0C5DD-AD27-4068-8030-A1E5BD50731E} = {C8D1A53A-2E83-4CB8-9621-205D2A376E4F}
		{3B969917-CC06-47BD-A3F7-6E5D3B9FC9F7} = {75C36474-611B-44B3-A48E-392C364EC27B}
	EndGlobalSection
EndGlobal
